
Microsoft Visual Studio Solution File, Format Version 12.00
# Visual Studio 15
VisualStudioVersion = 15.0.28010.2041
MinimumVisualStudioVersion = 10.0.40219.1
Project("{8BC9CEB8-8B4A-11D0-8D11-00A0C91BC942}") = "WordlistProject", "WordlistProject\WordlistProject.vcxproj", "{477F6391-6C44-4029-82D0-09B0EF8983DD}"
EndProject
Project("{8BC9CEB8-8B4A-11D0-8D11-00A0C91BC942}") = "UnitTestInit", "UnitTestInit\UnitTestInit.vcxproj", "{783D0286-1BD9-42A2-9372-F2669E7E33D9}"
EndProject
Project("{8BC9CEB8-8B4A-11D0-8D11-00A0C91BC942}") = "UnitTestFindChain", "UnitTestFindChain\UnitTestFindChain.vcxproj", "{B522379D-134B-4DEE-8598-87EACBCD2EC2}"
EndProject
Global
	GlobalSection(SolutionConfigurationPlatforms) = preSolution
		Debug|x64 = Debug|x64
		Debug|x86 = Debug|x86
		Release|x64 = Release|x64
		Release|x86 = Release|x86
	EndGlobalSection
	GlobalSection(ProjectConfigurationPlatforms) = postSolution
		{477F6391-6C44-4029-82D0-09B0EF8983DD}.Debug|x64.ActiveCfg = Debug|x64
		{477F6391-6C44-4029-82D0-09B0EF8983DD}.Debug|x64.Build.0 = Debug|x64
		{477F6391-6C44-4029-82D0-09B0EF8983DD}.Debug|x86.ActiveCfg = Debug|Win32
		{477F6391-6C44-4029-82D0-09B0EF8983DD}.Debug|x86.Build.0 = Debug|Win32
		{477F6391-6C44-4029-82D0-09B0EF8983DD}.Release|x64.ActiveCfg = Release|x64
		{477F6391-6C44-4029-82D0-09B0EF8983DD}.Release|x64.Build.0 = Release|x64
		{477F6391-6C44-4029-82D0-09B0EF8983DD}.Release|x86.ActiveCfg = Release|Win32
		{477F6391-6C44-4029-82D0-09B0EF8983DD}.Release|x86.Build.0 = Release|Win32
		{783D0286-1BD9-42A2-9372-F2669E7E33D9}.Debug|x64.ActiveCfg = Debug|x64
		{783D0286-1BD9-42A2-9372-F2669E7E33D9}.Debug|x64.Build.0 = Debug|x64
		{783D0286-1BD9-42A2-9372-F2669E7E33D9}.Debug|x86.ActiveCfg = Debug|Win32
		{783D0286-1BD9-42A2-9372-F2669E7E33D9}.Debug|x86.Build.0 = Debug|Win32
		{783D0286-1BD9-42A2-9372-F2669E7E33D9}.Release|x64.ActiveCfg = Release|x64
		{783D0286-1BD9-42A2-9372-F2669E7E33D9}.Release|x64.Build.0 = Release|x64
		{783D0286-1BD9-42A2-9372-F2669E7E33D9}.Release|x86.ActiveCfg = Release|Win32
		{783D0286-1BD9-42A2-9372-F2669E7E33D9}.Release|x86.Build.0 = Release|Win32
		{B522379D-134B-4DEE-8598-87EACBCD2EC2}.Debug|x64.ActiveCfg = Debug|x64
		{B522379D-134B-4DEE-8598-87EACBCD2EC2}.Debug|x64.Build.0 = Debug|x64
		{B522379D-134B-4DEE-8598-87EACBCD2EC2}.Debug|x86.ActiveCfg = Debug|Win32
		{B522379D-134B-4DEE-8598-87EACBCD2EC2}.Debug|x86.Build.0 = Debug|Win32
		{B522379D-134B-4DEE-8598-87EACBCD2EC2}.Release|x64.ActiveCfg = Release|x64
		{B522379D-134B-4DEE-8598-87EACBCD2EC2}.Release|x64.Build.0 = Release|x64
		{B522379D-134B-4DEE-8598-87EACBCD2EC2}.Release|x86.ActiveCfg = Release|Win32
		{B522379D-134B-4DEE-8598-87EACBCD2EC2}.Release|x86.Build.0 = Release|Win32
	EndGlobalSection
	GlobalSection(SolutionProperties) = preSolution
		HideSolutionNode = FALSE
	EndGlobalSection
	GlobalSection(ExtensibilityGlobals) = postSolution
		SolutionGuid = {ED78BE6A-92FF-4D21-B296-948B866EBE55}
	EndGlobalSection
EndGlobal
